
Microsoft Visual Studio Solution File, Format Version 12.00
# Visual Studio Version 17
VisualStudioVersion = 17.5.33530.505
MinimumVisualStudioVersion = 10.0.40219.1
Project("{FAE04EC0-301F-11D3-BF4B-00C04F79EFBC}") = "KasrikProject.EntityLayer", "KasrikProject.EntityLayer\KasrikProject.EntityLayer.csproj", "{494F9B6A-940D-41B4-8E17-437B619480AE}"
EndProject
Project("{FAE04EC0-301F-11D3-BF4B-00C04F79EFBC}") = "KasrikProject.DataAccessLayer", "KasrikProject.DataAccessLayer\KasrikProject.DataAccessLayer.csproj", "{325A5F70-C30B-4361-A567-570C62ABF1D1}"
EndProject
Project("{FAE04EC0-301F-11D3-BF4B-00C04F79EFBC}") = "KasrikProject.BusinessLayer", "KasrikProject.BusinessLayer\KasrikProject.BusinessLayer.csproj", "{3A987815-0DBC-41EB-8DC4-23DE204AB19B}"
EndProject
Project("{FAE04EC0-301F-11D3-BF4B-00C04F79EFBC}") = "KasrikProject.DtoLayer", "KasrikProject.DtoLayer\KasrikProject.DtoLayer.csproj", "{59DCE50C-8FBF-4043-8036-DC928BC9CC5D}"
EndProject
Project("{FAE04EC0-301F-11D3-BF4B-00C04F79EFBC}") = "KasrikProject.PresentationLayer", "KasrikProject.PresentationLayer\KasrikProject.PresentationLayer.csproj", "{D309BE19-4A16-411F-B4C6-F52215A6B93F}"
EndProject
Global
	GlobalSection(SolutionConfigurationPlatforms) = preSolution
		Debug|Any CPU = Debug|Any CPU
		Release|Any CPU = Release|Any CPU
	EndGlobalSection
	GlobalSection(ProjectConfigurationPlatforms) = postSolution
		{494F9B6A-940D-41B4-8E17-437B619480AE}.Debug|Any CPU.ActiveCfg = Debug|Any CPU
		{494F9B6A-940D-41B4-8E17-437B619480AE}.Debug|Any CPU.Build.0 = Debug|Any CPU
		{494F9B6A-940D-41B4-8E17-437B619480AE}.Release|Any CPU.ActiveCfg = Release|Any CPU
		{494F9B6A-940D-41B4-8E17-437B619480AE}.Release|Any CPU.Build.0 = Release|Any CPU
		{325A5F70-C30B-4361-A567-570C62ABF1D1}.Debug|Any CPU.ActiveCfg = Debug|Any CPU
		{325A5F70-C30B-4361-A567-570C62ABF1D1}.Debug|Any CPU.Build.0 = Debug|Any CPU
		{325A5F70-C30B-4361-A567-570C62ABF1D1}.Release|Any CPU.ActiveCfg = Release|Any CPU
		{325A5F70-C30B-4361-A567-570C62ABF1D1}.Release|Any CPU.Build.0 = Release|Any CPU
		{3A987815-0DBC-41EB-8DC4-23DE204AB19B}.Debug|Any CPU.ActiveCfg = Debug|Any CPU
		{3A987815-0DBC-41EB-8DC4-23DE204AB19B}.Debug|Any CPU.Build.0 = Debug|Any CPU
		{3A987815-0DBC-41EB-8DC4-23DE204AB19B}.Release|Any CPU.ActiveCfg = Release|Any CPU
		{3A987815-0DBC-41EB-8DC4-23DE204AB19B}.Release|Any CPU.Build.0 = Release|Any CPU
		{59DCE50C-8FBF-4043-8036-DC928BC9CC5D}.Debug|Any CPU.ActiveCfg = Debug|Any CPU
		{59DCE50C-8FBF-4043-8036-DC928BC9CC5D}.Debug|Any CPU.Build.0 = Debug|Any CPU
		{59DCE50C-8FBF-4043-8036-DC928BC9CC5D}.Release|Any CPU.ActiveCfg = Release|Any CPU
		{59DCE50C-8FBF-4043-8036-DC928BC9CC5D}.Release|Any CPU.Build.0 = Release|Any CPU
		{D309BE19-4A16-411F-B4C6-F52215A6B93F}.Debug|Any CPU.ActiveCfg = Debug|Any CPU
		{D309BE19-4A16-411F-B4C6-F52215A6B93F}.Debug|Any CPU.Build.0 = Debug|Any CPU
		{D309BE19-4A16-411F-B4C6-F52215A6B93F}.Release|Any CPU.ActiveCfg = Release|Any CPU
		{D309BE19-4A16-411F-B4C6-F52215A6B93F}.Release|Any CPU.Build.0 = Release|Any CPU
	EndGlobalSection
	GlobalSection(SolutionProperties) = preSolution
		HideSolutionNode = FALSE
	EndGlobalSection
	GlobalSection(ExtensibilityGlobals) = postSolution
		SolutionGuid = {2EE75BB5-0531-4619-A819-F5B7943337C6}
	EndGlobalSection
EndGlobal
